{
    "_readme": [
        "This file locks the dependencies of your project to a known state",
        "Read more about it at https://getcomposer.org/doc/01-basic-usage.md#installing-dependencies",
        "This file is @generated automatically"
    ],
    "content-hash": "0df2af54957a2bcf68ff73fbcf1a4af7",
    "packages": [],
    "packages-dev": [
        {
            "name": "judev/php-intervaltree",
            "version": "2.0.2",
            "source": {
                "type": "git",
                "url": "https://github.com/judev/php-intervaltree.git",
                "reference": "3702f0d0c23f1c3b23da0e10fecdebe49973acb7"
            },
            "dist": {
                "type": "zip",
                "url": "https://api.github.com/repos/judev/php-intervaltree/zipball/3702f0d0c23f1c3b23da0e10fecdebe49973acb7",
                "reference": "3702f0d0c23f1c3b23da0e10fecdebe49973acb7",
                "shasum": ""
            },
            "require": {
                "php": ">=5.5"
            },
            "require-dev": {
                "phpunit/phpunit": "4.*"
            },
            "type": "library",
            "autoload": {
                "psr-4": {
                    "IntervalTree\\": "src/"
                }
            },
            "notification-url": "https://packagist.org/downloads/",
            "license": [
                "MIT"
            ],
            "authors": [
                {
                    "name": "Jude Venn",
                    "homepage": "https://github.com/judev",
                    "role": "Developer"
                }
            ],
            "description": "Interval Tree implementation in PHP",
            "homepage": "https://github.com/judev/php-intervaltree",
            "keywords": [
                "data structures",
                "php"
            ],
            "support": {
                "issues": "https://github.com/judev/php-intervaltree/issues",
                "source": "https://github.com/judev/php-intervaltree/tree/2.0.2"
            },
            "time": "2015-03-30T15:29:26+00:00"
        },
        {
            "name": "nick-jones/php-ucd",
            "version": "v3.1.0",
            "source": {
                "type": "git",
                "url": "https://github.com/nick-jones/php-ucd.git",
                "reference": "4e86ac4358a5f23356fb46e5b02b91438788cd91"
            },
            "dist": {
                "type": "zip",
                "url": "https://api.github.com/repos/nick-jones/php-ucd/zipball/4e86ac4358a5f23356fb46e5b02b91438788cd91",
                "reference": "4e86ac4358a5f23356fb46e5b02b91438788cd91",
                "shasum": ""
            },
            "require": {
                "ext-iconv": "*",
                "ext-zlib": "*",
                "judev/php-intervaltree": "^2.0",
                "php": ">=5.6",
                "psr/log": "^1.0"
            },
            "require-dev": {
                "hamcrest/hamcrest-php": "^1.2",
                "nick-jones/phpspec-git-extension": "^1.0",
                "nick-jones/phpspec-matcher-loader-extension": "^1.0",
                "nikic/php-parser": "^2.0",
                "php-vfs/php-vfs": "^1.3.1",
                "phpspec/phpspec": "^2.4",
                "phpunit/phpunit": "^4.8",
                "pimple/pimple": "^3.0",
                "sebastian/exporter": "^1.0",
                "symfony/console": "^2.7",
                "symfony/yaml": "^2.7"
            },
            "type": "library",
            "autoload": {
                "psr-4": {
                    "UCD\\": "lib/UCD"
                }
            },
            "notification-url": "https://packagist.org/downloads/",
            "license": [
                "MIT"
            ],
            "authors": [
                {
                    "name": "Nicholas Jones"
                }
            ],
            "description": "Interface into the Unicode Character Database",
            "keywords": [
                "character",
                "database",
                "ucd",
                "unicode"
            ],
            "support": {
                "issues": "https://github.com/nick-jones/php-ucd/issues",
                "source": "https://github.com/nick-jones/php-ucd/tree/v3.1.0"
            },
            "time": "2020-05-16T18:11:18+00:00"
        },
        {
            "name": "psr/log",
            "version": "1.1.4",
            "source": {
                "type": "git",
                "url": "https://github.com/php-fig/log.git",
                "reference": "d49695b909c3b7628b6289db5479a1c204601f11"
            },
            "dist": {
                "type": "zip",
                "url": "https://api.github.com/repos/php-fig/log/zipball/d49695b909c3b7628b6289db5479a1c204601f11",
                "reference": "d49695b909c3b7628b6289db5479a1c204601f11",
                "shasum": ""
            },
            "require": {
                "php": ">=5.3.0"
            },
            "type": "library",
            "extra": {
                "branch-alias": {
                    "dev-master": "1.1.x-dev"
                }
            },
            "autoload": {
                "psr-4": {
                    "Psr\\Log\\": "Psr/Log/"
                }
            },
            "notification-url": "https://packagist.org/downloads/",
            "license": [
                "MIT"
            ],
            "authors": [
                {
                    "name": "PHP-FIG",
                    "homepage": "https://www.php-fig.org/"
                }
            ],
            "description": "Common interface for logging libraries",
            "homepage": "https://github.com/php-fig/log",
            "keywords": [
                "log",
                "psr",
                "psr-3"
            ],
            "support": {
                "source": "https://github.com/php-fig/log/tree/1.1.4"
            },
            "time": "2021-05-03T11:20:27+00:00"
        }
    ],
    "aliases": [],
    "minimum-stability": "stable",
    "stability-flags": [],
    "prefer-stable": false,
    "prefer-lowest": false,
    "platform": {
        "ext-gd": "*",
        "ext-mbstring": "*"
    },
    "platform-dev": [],
    "plugin-api-version": "2.3.0"
}
